
Microsoft Visual Studio Solution File, Format Version 12.00
# Visual Studio Version 17
VisualStudioVersion = 17.0.32126.317
MinimumVisualStudioVersion = 10.0.40219.1
Project("{FAE04EC0-301F-11D3-BF4B-00C04F79EFBC}") = "DemoChuKiSo", "DemoChuKiSo\DemoChuKiSo.csproj", "{849B438A-BC0B-4D8E-B2B0-B190FD12DBA4}"
EndProject
Global
	GlobalSection(SolutionConfigurationPlatforms) = preSolution
		Debug|Any CPU = Debug|Any CPU
		Release|Any CPU = Release|Any CPU
	EndGlobalSection
	GlobalSection(ProjectConfigurationPlatforms) = postSolution
		{849B438A-BC0B-4D8E-B2B0-B190FD12DBA4}.Debug|Any CPU.ActiveCfg = Debug|Any CPU
		{849B438A-BC0B-4D8E-B2B0-B190FD12DBA4}.Debug|Any CPU.Build.0 = Debug|Any CPU
		{849B438A-BC0B-4D8E-B2B0-B190FD12DBA4}.Release|Any CPU.ActiveCfg = Release|Any CPU
		{849B438A-BC0B-4D8E-B2B0-B190FD12DBA4}.Release|Any CPU.Build.0 = Release|Any CPU
	EndGlobalSection
	GlobalSection(SolutionProperties) = preSolution
		HideSolutionNode = FALSE
	EndGlobalSection
	GlobalSection(ExtensibilityGlobals) = postSolution
		SolutionGuid = {951A89EA-07B4-4718-AD39-45D7B4E47210}
	EndGlobalSection
EndGlobal
